{
  "name": "@audio/denoise",
  "version": "0.3.5",
  "lockfileVersion": 3,
  "requires": true,
  "packages": {
    "": {
      "name": "@audio/denoise",
      "version": "0.3.5",
      "license": "MIT",
      "workspaces": [
        "packages/*"
      ],
      "dependencies": {
        "@audio/denoise-debreath": "^0.1.0",
        "@audio/denoise-declick": "^0.1.0",
        "@audio/denoise-declip": "^0.1.0",
        "@audio/denoise-decrackle": "^0.1.0",
        "@audio/denoise-dehum": "^0.1.0",
        "@audio/denoise-deplosive": "^0.1.0",
        "@audio/denoise-dereverb": "^0.1.0",
        "@audio/denoise-detect": "^0.1.0",
        "@audio/denoise-dewind": "^0.1.0",
        "@audio/denoise-omlsa": "^0.1.0",
        "@audio/denoise-repair": "^0.1.0",
        "@audio/denoise-spectral": "^0.1.0",
        "@audio/denoise-wiener": "^0.1.0",
        "@audio/dynamics-deesser": "^0.2.3",
        "@audio/dynamics-gate": "^0.1.4",
        "@audio/noise-estimate": "^1.0.0",
        "@audio/quality": "^1.0.0",
        "@audio/stft": "^1.0.3",
        "@audio/vad": "^1.0.0"
      },
      "devDependencies": {
        "audio-lena": "^3.0.0",
        "playwright": "^1.59.1",
        "tst": "^9.4.0"
      },
      "engines": {
        "node": ">=18"
      }
    },
    "node_modules/@audio/biquad": {
      "version": "1.1.0",
      "resolved": "https://registry.npmjs.org/@audio/biquad/-/biquad-1.1.0.tgz",
      "integrity": "sha512-IJtafeZ5NmZM+GFIc2+dYz5YrYHOtcF07kPfB/bur7Ca3uonaRX6eb5jWPI9yF0f8UB6IAZ42c3YVkENgRR9ng==",
      "license": "MIT",
      "engines": {
        "node": ">=18"
      }
    },
    "node_modules/@audio/denoise-debreath": {
      "resolved": "packages/denoise-debreath",
      "link": true
    },
    "node_modules/@audio/denoise-declick": {
      "resolved": "packages/denoise-declick",
      "link": true
    },
    "node_modules/@audio/denoise-declip": {
      "resolved": "packages/denoise-declip",
      "link": true
    },
    "node_modules/@audio/denoise-decrackle": {
      "resolved": "packages/denoise-decrackle",
      "link": true
    },
    "node_modules/@audio/denoise-dehum": {
      "resolved": "packages/denoise-dehum",
      "link": true
    },
    "node_modules/@audio/denoise-deplosive": {
      "resolved": "packages/denoise-deplosive",
      "link": true
    },
    "node_modules/@audio/denoise-dereverb": {
      "resolved": "packages/denoise-dereverb",
      "link": true
    },
    "node_modules/@audio/denoise-detect": {
      "resolved": "packages/denoise-detect",
      "link": true
    },
    "node_modules/@audio/denoise-dewind": {
      "resolved": "packages/denoise-dewind",
      "link": true
    },
    "node_modules/@audio/denoise-omlsa": {
      "resolved": "packages/denoise-omlsa",
      "link": true
    },
    "node_modules/@audio/denoise-repair": {
      "resolved": "packages/denoise-repair",
      "link": true
    },
    "node_modules/@audio/denoise-spectral": {
      "resolved": "packages/denoise-spectral",
      "link": true
    },
    "node_modules/@audio/denoise-wiener": {
      "resolved": "packages/denoise-wiener",
      "link": true
    },
    "node_modules/@audio/dynamics-compressor": {
      "version": "0.1.3",
      "resolved": "https://registry.npmjs.org/@audio/dynamics-compressor/-/dynamics-compressor-0.1.3.tgz",
      "integrity": "sha512-88jaPB8TaIPuziK1yxL4FCfJsMxnbETROVMvJuE6eDLwbgAz8eu1gycbGYGVB9NR4dtSjrloP2I9vXY9eVJq5Q==",
      "license": "MIT",
      "dependencies": {
        "@audio/dynamics-envelope": "^0.1.0"
      },
      "engines": {
        "node": ">=18"
      }
    },
    "node_modules/@audio/dynamics-deesser": {
      "version": "0.2.3",
      "resolved": "https://registry.npmjs.org/@audio/dynamics-deesser/-/dynamics-deesser-0.2.3.tgz",
      "integrity": "sha512-SaokzDhgMsSBhpfKrsRA2eZ/u3PM8qPf4KECM0MYWk8quayWo+k7NcUymt+XM4LNrE3E7Tpy2laI2R8ChVmrSA==",
      "license": "MIT",
      "dependencies": {
        "@audio/biquad": "^1.1.0",
        "@audio/dynamics-compressor": "^0.1.0",
        "@audio/dynamics-envelope": "^0.1.0"
      },
      "engines": {
        "node": ">=18"
      }
    },
    "node_modules/@audio/dynamics-envelope": {
      "version": "0.1.1",
      "resolved": "https://registry.npmjs.org/@audio/dynamics-envelope/-/dynamics-envelope-0.1.1.tgz",
      "integrity": "sha512-OvqN4+fBczS6X3Rukbx6Kc7/D9OxpR8886TPfIvQ9yBZZLDDl+g/6dya7V4ZN8iuUZkDY2E5u9jOeUWNhbfYDg==",
      "license": "MIT",
      "engines": {
        "node": ">=18"
      }
    },
    "node_modules/@audio/dynamics-gate": {
      "version": "0.1.4",
      "resolved": "https://registry.npmjs.org/@audio/dynamics-gate/-/dynamics-gate-0.1.4.tgz",
      "integrity": "sha512-ZSv5XpsKoKEOILGkvtnQWXlZDfdHDJ7je+O3LqeHGmgXgYd7sLTwX3vxnfuRerV2OjMkDF4ObaviQ+5XvEEP0g==",
      "license": "MIT",
      "dependencies": {
        "@audio/dynamics-envelope": "^0.1.0"
      },
      "engines": {
        "node": ">=18"
      }
    },
    "node_modules/@audio/lpc": {
      "resolved": "packages/lpc",
      "link": true
    },
    "node_modules/@audio/noise-estimate": {
      "resolved": "packages/noise-estimate",
      "link": true
    },
    "node_modules/@audio/quality": {
      "version": "1.0.0",
      "resolved": "https://registry.npmjs.org/@audio/quality/-/quality-1.0.0.tgz",
      "integrity": "sha512-y9Tgo5Uc74VjSJsrmLZCcPjIKRHNPYHlSCy2nBnkt9QJwuSjj0Q55S3zks3JEkPAQ9TXjdkiwESBnBc9XJdAHA==",
      "license": "MIT",
      "dependencies": {
        "fourier-transform": "^2.2.0"
      },
      "engines": {
        "node": ">=18"
      }
    },
    "node_modules/@audio/stft": {
      "version": "1.0.3",
      "resolved": "https://registry.npmjs.org/@audio/stft/-/stft-1.0.3.tgz",
      "integrity": "sha512-vBoEf22TaSpKZLSF10Uys7hwEpMn1fiZTdCbEhCtf61c6OnAIkyBWwMHYqazPm0Vv5NZZSn75JzT82KZgfAoBw==",
      "license": "MIT",
      "dependencies": {
        "fourier-transform": "^2.3.0"
      },
      "engines": {
        "node": ">=18"
      }
    },
    "node_modules/@audio/vad": {
      "resolved": "packages/vad",
      "link": true
    },
    "node_modules/audio-lena": {
      "version": "3.0.0",
      "resolved": "https://registry.npmjs.org/audio-lena/-/audio-lena-3.0.0.tgz",
      "integrity": "sha512-rRXVO5Yx5u4Aeg30mRdVNTYINXaUmOOYssFHnpA6uZkwm9PC7MDhRIycdAdze3c96cNtZCOqcezuaAa46Sg61A==",
      "dev": true,
      "license": "MIT"
    },
    "node_modules/fourier-transform": {
      "version": "2.3.0",
      "resolved": "https://registry.npmjs.org/fourier-transform/-/fourier-transform-2.3.0.tgz",
      "integrity": "sha512-+Ki9tVP1a/1R3svMxeAFOr2FEQhjFdB9szYh2I8IEAUzSUbkV5K/e4hcPVNSjonUllImheK0O/Hoy/VPby6Iig==",
      "license": "MIT"
    },
    "node_modules/fsevents": {
      "version": "2.3.2",
      "resolved": "https://registry.npmjs.org/fsevents/-/fsevents-2.3.2.tgz",
      "integrity": "sha512-xiqMQR4xAeHTuB9uWm+fFRcIOgKBMiOBP+eXiyT7jsgVCq1bkVygt00oASowB7EdtpOHaaPgKt812P9ab+DDKA==",
      "dev": true,
      "hasInstallScript": true,
      "license": "MIT",
      "optional": true,
      "os": [
        "darwin"
      ],
      "engines": {
        "node": "^8.16.0 || ^10.6.0 || >=11.0.0"
      }
    },
    "node_modules/playwright": {
      "version": "1.59.1",
      "resolved": "https://registry.npmjs.org/playwright/-/playwright-1.59.1.tgz",
      "integrity": "sha512-C8oWjPR3F81yljW9o5OxcWzfh6avkVwDD2VYdwIGqTkl+OGFISgypqzfu7dOe4QNLL2aqcWBmI3PMtLIK233lw==",
      "dev": true,
      "license": "Apache-2.0",
      "dependencies": {
        "playwright-core": "1.59.1"
      },
      "bin": {
        "playwright": "cli.js"
      },
      "engines": {
        "node": ">=18"
      },
      "optionalDependencies": {
        "fsevents": "2.3.2"
      }
    },
    "node_modules/playwright-core": {
      "version": "1.59.1",
      "resolved": "https://registry.npmjs.org/playwright-core/-/playwright-core-1.59.1.tgz",
      "integrity": "sha512-HBV/RJg81z5BiiZ9yPzIiClYV/QMsDCKUyogwH9p3MCP6IYjUFu/MActgYAvK0oWyV9NlwM3GLBjADyWgydVyg==",
      "dev": true,
      "license": "Apache-2.0",
      "bin": {
        "playwright-core": "cli.js"
      },
      "engines": {
        "node": ">=18"
      }
    },
    "node_modules/tst": {
      "version": "9.4.0",
      "resolved": "https://registry.npmjs.org/tst/-/tst-9.4.0.tgz",
      "integrity": "sha512-LFC1yasMqhvL9hBJdA07nozlfS1RGy/7uiBCwRZcQH9zB4+n7XpxwYszzK//WQ2JVOLAUgU3d8ABEcrFLZE0vg==",
      "dev": true,
      "license": "MIT"
    },
    "packages/denoise-core": {
      "name": "@audio/denoise-core",
      "version": "0.1.4",
      "extraneous": true,
      "license": "MIT",
      "dependencies": {
        "fourier-transform": "^2.0.0"
      },
      "engines": {
        "node": ">=18"
      }
    },
    "packages/denoise-debreath": {
      "name": "@audio/denoise-debreath",
      "version": "0.1.6",
      "license": "MIT",
      "dependencies": {
        "@audio/vad": "^1.0.0"
      },
      "engines": {
        "node": ">=18"
      }
    },
    "packages/denoise-declick": {
      "name": "@audio/denoise-declick",
      "version": "0.1.5",
      "license": "MIT",
      "dependencies": {
        "@audio/lpc": "^1.0.0"
      },
      "engines": {
        "node": ">=18"
      }
    },
    "packages/denoise-declip": {
      "name": "@audio/denoise-declip",
      "version": "0.1.5",
      "license": "MIT",
      "dependencies": {
        "@audio/lpc": "^1.0.0"
      },
      "engines": {
        "node": ">=18"
      }
    },
    "packages/denoise-decrackle": {
      "name": "@audio/denoise-decrackle",
      "version": "0.1.5",
      "license": "MIT",
      "dependencies": {
        "@audio/lpc": "^1.0.0"
      },
      "engines": {
        "node": ">=18"
      }
    },
    "packages/denoise-deesser": {
      "name": "@audio/denoise-deesser",
      "version": "0.1.3",
      "extraneous": true,
      "license": "MIT",
      "dependencies": {
        "@audio/biquad": "^1.1.0"
      },
      "engines": {
        "node": ">=18"
      }
    },
    "packages/denoise-dehum": {
      "name": "@audio/denoise-dehum",
      "version": "0.1.4",
      "license": "MIT",
      "dependencies": {
        "@audio/biquad": "^1.1.0"
      },
      "engines": {
        "node": ">=18"
      }
    },
    "packages/denoise-deplosive": {
      "name": "@audio/denoise-deplosive",
      "version": "0.1.8",
      "license": "MIT",
      "dependencies": {
        "@audio/biquad": "^1.1.0"
      },
      "engines": {
        "node": ">=18"
      }
    },
    "packages/denoise-dereverb": {
      "name": "@audio/denoise-dereverb",
      "version": "0.1.7",
      "license": "MIT",
      "dependencies": {
        "@audio/stft": "^1.0.3"
      },
      "engines": {
        "node": ">=18"
      }
    },
    "packages/denoise-detect": {
      "name": "@audio/denoise-detect",
      "version": "0.1.6",
      "license": "MIT",
      "dependencies": {
        "@audio/denoise-declick": "^0.1.0",
        "@audio/denoise-dehum": "^0.1.0",
        "@audio/denoise-dereverb": "^0.1.0",
        "@audio/denoise-dewind": "^0.1.0",
        "@audio/denoise-omlsa": "^0.1.0",
        "@audio/denoise-wiener": "^0.1.0",
        "@audio/dynamics-deesser": "^0.2.3",
        "@audio/lpc": "^1.0.0",
        "@audio/stft": "^1.0.3"
      },
      "engines": {
        "node": ">=18"
      }
    },
    "packages/denoise-dewind": {
      "name": "@audio/denoise-dewind",
      "version": "0.1.6",
      "license": "MIT",
      "dependencies": {
        "@audio/biquad": "^1.1.0"
      },
      "engines": {
        "node": ">=18"
      }
    },
    "packages/denoise-gate": {
      "name": "@audio/denoise-gate",
      "version": "0.1.5",
      "extraneous": true,
      "license": "MIT",
      "engines": {
        "node": ">=18"
      }
    },
    "packages/denoise-omlsa": {
      "name": "@audio/denoise-omlsa",
      "version": "0.1.7",
      "license": "MIT",
      "dependencies": {
        "@audio/noise-estimate": "^1.0.0",
        "@audio/stft": "^1.0.3"
      },
      "engines": {
        "node": ">=18"
      }
    },
    "packages/denoise-repair": {
      "name": "@audio/denoise-repair",
      "version": "0.1.1",
      "license": "MIT",
      "dependencies": {
        "@audio/stft": "^1.0.3",
        "fourier-transform": "^2.3.0"
      },
      "engines": {
        "node": ">=18"
      }
    },
    "packages/denoise-spectral": {
      "name": "@audio/denoise-spectral",
      "version": "0.1.7",
      "license": "MIT",
      "dependencies": {
        "@audio/noise-estimate": "^1.0.0",
        "@audio/stft": "^1.0.3"
      },
      "engines": {
        "node": ">=18"
      }
    },
    "packages/denoise-wiener": {
      "name": "@audio/denoise-wiener",
      "version": "0.1.7",
      "license": "MIT",
      "dependencies": {
        "@audio/noise-estimate": "^1.0.0",
        "@audio/stft": "^1.0.3"
      },
      "engines": {
        "node": ">=18"
      }
    },
    "packages/lpc": {
      "name": "@audio/lpc",
      "version": "1.0.0",
      "license": "MIT",
      "engines": {
        "node": ">=18"
      }
    },
    "packages/noise-estimate": {
      "name": "@audio/noise-estimate",
      "version": "1.0.0",
      "license": "MIT",
      "dependencies": {
        "@audio/stft": "^1.0.2"
      },
      "engines": {
        "node": ">=18"
      }
    },
    "packages/vad": {
      "name": "@audio/vad",
      "version": "1.0.0",
      "license": "MIT",
      "dependencies": {
        "@audio/stft": "^1.0.2"
      },
      "engines": {
        "node": ">=18"
      }
    }
  }
}
